// !$*UTF8*$!
{
	archiveVersion = 1;
	classes = {
	};
	objectVersion = 56;
	objects = {

/* Begin PBXBuildFile section */
		5BB004E72D00D49B00A9BDFA /* FPSCounter.swift in Sources */ = {isa = PBXBuildFile; fileRef = 5BB004E62D00D49A00A9BDFA /* FPSCounter.swift */; };
		5BCE969D2D00C080005A6B05 /* RealmStorage.swift in Sources */ = {isa = PBXBuildFile; fileRef = 5BCE969C2D00C080005A6B05 /* RealmStorage.swift */; };
		5BD4F49B2CFCB90F00EF27DA /* AppDelegate.swift in Sources */ = {isa = PBXBuildFile; fileRef = 5BD4F49A2CFCB90F00EF27DA /* AppDelegate.swift */; };
		5BD4F49D2CFCB90F00EF27DA /* SceneDelegate.swift in Sources */ = {isa = PBXBuildFile; fileRef = 5BD4F49C2CFCB90F00EF27DA /* SceneDelegate.swift */; };
		5BD4F49F2CFCB90F00EF27DA /* ViewController.swift in Sources */ = {isa = PBXBuildFile; fileRef = 5BD4F49E2CFCB90F00EF27DA /* ViewController.swift */; };
		5BD4F4A22CFCB90F00EF27DA /* Base in Resources */ = {isa = PBXBuildFile; fileRef = 5BD4F4A12CFCB90F00EF27DA /* Base */; };
		5BD4F4A42CFCB91100EF27DA /* Assets.xcassets in Resources */ = {isa = PBXBuildFile; fileRef = 5BD4F4A32CFCB91100EF27DA /* Assets.xcassets */; };
		5BD4F4A72CFCB91100EF27DA /* Base in Resources */ = {isa = PBXBuildFile; fileRef = 5BD4F4A62CFCB91100EF27DA /* Base */; };
		5BD4F4B02CFE0A2300EF27DA /* RepositoryCell.swift in Sources */ = {isa = PBXBuildFile; fileRef = 5BD4F4AF2CFE0A2300EF27DA /* RepositoryCell.swift */; };
		5BD4F4B22CFE0A4E00EF27DA /* Repository.swift in Sources */ = {isa = PBXBuildFile; fileRef = 5BD4F4B12CFE0A4E00EF27DA /* Repository.swift */; };
		5BD4F4B62CFE0F0900EF27DA /* Constants.swift in Sources */ = {isa = PBXBuildFile; fileRef = 5BD4F4B52CFE0F0900EF27DA /* Constants.swift */; };
		5BD4F4B82CFF295D00EF27DA /* LoadData.swift in Sources */ = {isa = PBXBuildFile; fileRef = 5BD4F4B72CFF295D00EF27DA /* LoadData.swift */; };
/* End PBXBuildFile section */

/* Begin PBXFileReference section */
		5BB004E62D00D49A00A9BDFA /* FPSCounter.swift */ = {isa = PBXFileReference; lastKnownFileType = sourcecode.swift; path = FPSCounter.swift; sourceTree = "<group>"; };
		5BCE969C2D00C080005A6B05 /* RealmStorage.swift */ = {isa = PBXFileReference; lastKnownFileType = sourcecode.swift; path = RealmStorage.swift; sourceTree = "<group>"; };
		5BD4F4972CFCB90F00EF27DA /* VKTestTask.app */ = {isa = PBXFileReference; explicitFileType = wrapper.application; includeInIndex = 0; path = VKTestTask.app; sourceTree = BUILT_PRODUCTS_DIR; };
		5BD4F49A2CFCB90F00EF27DA /* AppDelegate.swift */ = {isa = PBXFileReference; lastKnownFileType = sourcecode.swift; path = AppDelegate.swift; sourceTree = "<group>"; };
		5BD4F49C2CFCB90F00EF27DA /* SceneDelegate.swift */ = {isa = PBXFileReference; lastKnownFileType = sourcecode.swift; path = SceneDelegate.swift; sourceTree = "<group>"; };
		5BD4F49E2CFCB90F00EF27DA /* ViewController.swift */ = {isa = PBXFileReference; lastKnownFileType = sourcecode.swift; path = ViewController.swift; sourceTree = "<group>"; };
		5BD4F4A12CFCB90F00EF27DA /* Base */ = {isa = PBXFileReference; lastKnownFileType = file.storyboard; name = Base; path = Base.lproj/Main.storyboard; sourceTree = "<group>"; };
		5BD4F4A32CFCB91100EF27DA /* Assets.xcassets */ = {isa = PBXFileReference; lastKnownFileType = folder.assetcatalog; path = Assets.xcassets; sourceTree = "<group>"; };
		5BD4F4A62CFCB91100EF27DA /* Base */ = {isa = PBXFileReference; lastKnownFileType = file.storyboard; name = Base; path = Base.lproj/LaunchScreen.storyboard; sourceTree = "<group>"; };
		5BD4F4A82CFCB91100EF27DA /* Info.plist */ = {isa = PBXFileReference; lastKnownFileType = text.plist.xml; path = Info.plist; sourceTree = "<group>"; };
		5BD4F4AF2CFE0A2300EF27DA /* RepositoryCell.swift */ = {isa = PBXFileReference; lastKnownFileType = sourcecode.swift; path = RepositoryCell.swift; sourceTree = "<group>"; };
		5BD4F4B12CFE0A4E00EF27DA /* Repository.swift */ = {isa = PBXFileReference; lastKnownFileType = sourcecode.swift; path = Repository.swift; sourceTree = "<group>"; };
		5BD4F4B52CFE0F0900EF27DA /* Constants.swift */ = {isa = PBXFileReference; lastKnownFileType = sourcecode.swift; path = Constants.swift; sourceTree = "<group>"; };
		5BD4F4B72CFF295D00EF27DA /* LoadData.swift */ = {isa = PBXFileReference; lastKnownFileType = sourcecode.swift; path = LoadData.swift; sourceTree = "<group>"; };
/* End PBXFileReference section */

/* Begin PBXFrameworksBuildPhase section */
		5BD4F4942CFCB90F00EF27DA /* Frameworks */ = {
			isa = PBXFrameworksBuildPhase;
			buildActionMask = 2147483647;
			files = (
			);
			runOnlyForDeploymentPostprocessing = 0;
		};
/* End PBXFrameworksBuildPhase section */

/* Begin PBXGroup section */
		5BD4F48E2CFCB90F00EF27DA = {
			isa = PBXGroup;
			children = (
				5BD4F4992CFCB90F00EF27DA /* VKTestTask */,
				5BD4F4982CFCB90F00EF27DA /* Products */,
			);
			sourceTree = "<group>";
		};
		5BD4F4982CFCB90F00EF27DA /* Products */ = {
			isa = PBXGroup;
			children = (
				5BD4F4972CFCB90F00EF27DA /* VKTestTask.app */,
			);
			name = Products;
			sourceTree = "<group>";
		};
		5BD4F4992CFCB90F00EF27DA /* VKTestTask */ = {
			isa = PBXGroup;
			children = (
				5BB004E62D00D49A00A9BDFA /* FPSCounter.swift */,
				5BD4F49A2CFCB90F00EF27DA /* AppDelegate.swift */,
				5BD4F49C2CFCB90F00EF27DA /* SceneDelegate.swift */,
				5BD4F49E2CFCB90F00EF27DA /* ViewController.swift */,
				5BD4F4A02CFCB90F00EF27DA /* Main.storyboard */,
				5BD4F4A32CFCB91100EF27DA /* Assets.xcassets */,
				5BD4F4A52CFCB91100EF27DA /* LaunchScreen.storyboard */,
				5BD4F4A82CFCB91100EF27DA /* Info.plist */,
				5BD4F4AF2CFE0A2300EF27DA /* RepositoryCell.swift */,
				5BD4F4B12CFE0A4E00EF27DA /* Repository.swift */,
				5BD4F4B52CFE0F0900EF27DA /* Constants.swift */,
				5BD4F4B72CFF295D00EF27DA /* LoadData.swift */,
				5BCE969C2D00C080005A6B05 /* RealmStorage.swift */,
			);
			path = VKTestTask;
			sourceTree = "<group>";
		};
/* End PBXGroup section */

/* Begin PBXNativeTarget section */
		5BD4F4962CFCB90F00EF27DA /* VKTestTask */ = {
			isa = PBXNativeTarget;
			buildConfigurationList = 5BD4F4AB2CFCB91100EF27DA /* Build configuration list for PBXNativeTarget "VKTestTask" */;
			buildPhases = (
				5BD4F4932CFCB90F00EF27DA /* Sources */,
				5BD4F4942CFCB90F00EF27DA /* Frameworks */,
				5BD4F4952CFCB90F00EF27DA /* Resources */,
			);
			buildRules = (
			);
			dependencies = (
			);
			name = VKTestTask;
			productName = VKTestTask;
			productReference = 5BD4F4972CFCB90F00EF27DA /* VKTestTask.app */;
			productType = "com.apple.product-type.application";
		};
/* End PBXNativeTarget section */

/* Begin PBXProject section */
		5BD4F48F2CFCB90F00EF27DA /* Project object */ = {
			isa = PBXProject;
			attributes = {
				BuildIndependentTargetsInParallel = 1;
				LastSwiftUpdateCheck = 1540;
				LastUpgradeCheck = 1540;
				TargetAttributes = {
					5BD4F4962CFCB90F00EF27DA = {
						CreatedOnToolsVersion = 15.4;
					};
				};
			};
			buildConfigurationList = 5BD4F4922CFCB90F00EF27DA /* Build configuration list for PBXProject "VKTestTask" */;
			compatibilityVersion = "Xcode 14.0";
			developmentRegion = en;
			hasScannedForEncodings = 0;
			knownRegions = (
				en,
				Base,
			);
			mainGroup = 5BD4F48E2CFCB90F00EF27DA;
			productRefGroup = 5BD4F4982CFCB90F00EF27DA /* Products */;
			projectDirPath = "";
			projectRoot = "";
			targets = (
				5BD4F4962CFCB90F00EF27DA /* VKTestTask */,
			);
		};
/* End PBXProject section */

/* Begin PBXResourcesBuildPhase section */
		5BD4F4952CFCB90F00EF27DA /* Resources */ = {
			isa = PBXResourcesBuildPhase;
			buildActionMask = 2147483647;
			files = (
				5BD4F4A42CFCB91100EF27DA /* Assets.xcassets in Resources */,
				5BD4F4A72CFCB91100EF27DA /* Base in Resources */,
				5BD4F4A22CFCB90F00EF27DA /* Base in Resources */,
			);
			runOnlyForDeploymentPostprocessing = 0;
		};
/* End PBXResourcesBuildPhase section */

/* Begin PBXSourcesBuildPhase section */
		5BD4F4932CFCB90F00EF27DA /* Sources */ = {
			isa = PBXSourcesBuildPhase;
			buildActionMask = 2147483647;
			files = (
				5BD4F49F2CFCB90F00EF27DA /* ViewController.swift in Sources */,
				5BB004E72D00D49B00A9BDFA /* FPSCounter.swift in Sources */,
				5BD4F4B82CFF295D00EF27DA /* LoadData.swift in Sources */,
				5BD4F4B62CFE0F0900EF27DA /* Constants.swift in Sources */,
				5BCE969D2D00C080005A6B05 /* RealmStorage.swift in Sources */,
				5BD4F49B2CFCB90F00EF27DA /* AppDelegate.swift in Sources */,
				5BD4F4B22CFE0A4E00EF27DA /* Repository.swift in Sources */,
				5BD4F49D2CFCB90F00EF27DA /* SceneDelegate.swift in Sources */,
				5BD4F4B02CFE0A2300EF27DA /* RepositoryCell.swift in Sources */,
			);
			runOnlyForDeploymentPostprocessing = 0;
		};
/* End PBXSourcesBuildPhase section */

/* Begin PBXVariantGroup section */
		5BD4F4A02CFCB90F00EF27DA /* Main.storyboard */ = {
			isa = PBXVariantGroup;
			children = (
				5BD4F4A12CFCB90F00EF27DA /* Base */,
			);
			name = Main.storyboard;
			sourceTree = "<group>";
		};
		5BD4F4A52CFCB91100EF27DA /* LaunchScreen.storyboard */ = {
			isa = PBXVariantGroup;
			children = (
				5BD4F4A62CFCB91100EF27DA /* Base */,
			);
			name = LaunchScreen.storyboard;
			sourceTree = "<group>";
		};
/* End PBXVariantGroup section */

/* Begin XCBuildConfiguration section */
		5BD4F4A92CFCB91100EF27DA /* Debug */ = {
			isa = XCBuildConfiguration;
			buildSettings = {
				ALWAYS_SEARCH_USER_PATHS = NO;
				ASSETCATALOG_COMPILER_GENERATE_SWIFT_ASSET_SYMBOL_EXTENSIONS = YES;
				CLANG_ANALYZER_NONNULL = YES;
				CLANG_ANALYZER_NUMBER_OBJECT_CONVERSION = YES_AGGRESSIVE;
				CLANG_CXX_LANGUAGE_STANDARD = "gnu++20";
				CLANG_ENABLE_MODULES = YES;
				CLANG_ENABLE_OBJC_ARC = YES;
				CLANG_ENABLE_OBJC_WEAK = YES;
				CLANG_WARN_BLOCK_CAPTURE_AUTORELEASING = YES;
				CLANG_WARN_BOOL_CONVERSION = YES;
				CLANG_WARN_COMMA = YES;
				CLANG_WARN_CONSTANT_CONVERSION = YES;
				CLANG_WARN_DEPRECATED_OBJC_IMPLEMENTATIONS = YES;
				CLANG_WARN_DIRECT_OBJC_ISA_USAGE = YES_ERROR;
				CLANG_WARN_DOCUMENTATION_COMMENTS = YES;
				CLANG_WARN_EMPTY_BODY = YES;
				CLANG_WARN_ENUM_CONVERSION = YES;
				CLANG_WARN_INFINITE_RECURSION = YES;
				CLANG_WARN_INT_CONVERSION = YES;
				CLANG_WARN_NON_LITERAL_NULL_CONVERSION = YES;
				CLANG_WARN_OBJC_IMPLICIT_RETAIN_SELF = YES;
				CLANG_WARN_OBJC_LITERAL_CONVERSION = YES;
				CLANG_WARN_OBJC_ROOT_CLASS = YES_ERROR;
				CLANG_WARN_QUOTED_INCLUDE_IN_FRAMEWORK_HEADER = YES;
				CLANG_WARN_RANGE_LOOP_ANALYSIS = YES;
				CLANG_WARN_STRICT_PROTOTYPES = YES;
				CLANG_WARN_SUSPICIOUS_MOVE = YES;
				CLANG_WARN_UNGUARDED_AVAILABILITY = YES_AGGRESSIVE;
				CLANG_WARN_UNREACHABLE_CODE = YES;
				CLANG_WARN__DUPLICATE_METHOD_MATCH = YES;
				COPY_PHASE_STRIP = NO;
				DEBUG_INFORMATION_FORMAT = dwarf;
				ENABLE_STRICT_OBJC_MSGSEND = YES;
				ENABLE_TESTABILITY = YES;
				ENABLE_USER_SCRIPT_SANDBOXING = YES;
				GCC_C_LANGUAGE_STANDARD = gnu17;
				GCC_DYNAMIC_NO_PIC = NO;
				GCC_NO_COMMON_BLOCKS = YES;
				GCC_OPTIMIZATION_LEVEL = 0;
				GCC_PREPROCESSOR_DEFINITIONS = (
					"DEBUG=1",
					"$(inherited)",
				);
				GCC_WARN_64_TO_32_BIT_CONVERSION = YES;
				GCC_WARN_ABOUT_RETURN_TYPE = YES_ERROR;
				GCC_WARN_UNDECLARED_SELECTOR = YES;
				GCC_WARN_UNINITIALIZED_AUTOS = YES_AGGRESSIVE;
				GCC_WARN_UNUSED_FUNCTION = YES;
				GCC_WARN_UNUSED_VARIABLE = YES;
				IPHONEOS_DEPLOYMENT_TARGET = 17.5;
				LOCALIZATION_PREFERS_STRING_CATALOGS = YES;
				MTL_ENABLE_DEBUG_INFO = INCLUDE_SOURCE;
				MTL_FAST_MATH = YES;
				ONLY_ACTIVE_ARCH = YES;
				SDKROOT = iphoneos;
				SWIFT_ACTIVE_COMPILATION_CONDITIONS = "DEBUG $(inherited)";
				SWIFT_OPTIMIZATION_LEVEL = "-Onone";
			};
			name = Debug;
		};
		5BD4F4AA2CFCB91100EF27DA /* Release */ = {
			isa = XCBuildConfiguration;
			buildSettings = {
				ALWAYS_SEARCH_USER_PATHS = NO;
				ASSETCATALOG_COMPILER_GENERATE_SWIFT_ASSET_SYMBOL_EXTENSIONS = YES;
				CLANG_ANALYZER_NONNULL = YES;
				CLANG_ANALYZER_NUMBER_OBJECT_CONVERSION = YES_AGGRESSIVE;
				CLANG_CXX_LANGUAGE_STANDARD = "gnu++20";
				CLANG_ENABLE_MODULES = YES;
				CLANG_ENABLE_OBJC_ARC = YES;
				CLANG_ENABLE_OBJC_WEAK = YES;
				CLANG_WARN_BLOCK_CAPTURE_AUTORELEASING = YES;
				CLANG_WARN_BOOL_CONVERSION = YES;
				CLANG_WARN_COMMA = YES;
				CLANG_WARN_CONSTANT_CONVERSION = YES;
				CLANG_WARN_DEPRECATED_OBJC_IMPLEMENTATIONS = YES;
				CLANG_WARN_DIRECT_OBJC_ISA_USAGE = YES_ERROR;
				CLANG_WARN_DOCUMENTATION_COMMENTS = YES;
				CLANG_WARN_EMPTY_BODY = YES;
				CLANG_WARN_ENUM_CONVERSION = YES;
				CLANG_WARN_INFINITE_RECURSION = YES;
				CLANG_WARN_INT_CONVERSION = YES;
				CLANG_WARN_NON_LITERAL_NULL_CONVERSION = YES;
				CLANG_WARN_OBJC_IMPLICIT_RETAIN_SELF = YES;
				CLANG_WARN_OBJC_LITERAL_CONVERSION = YES;
				CLANG_WARN_OBJC_ROOT_CLASS = YES_ERROR;
				CLANG_WARN_QUOTED_INCLUDE_IN_FRAMEWORK_HEADER = YES;
				CLANG_WARN_RANGE_LOOP_ANALYSIS = YES;
				CLANG_WARN_STRICT_PROTOTYPES = YES;
				CLANG_WARN_SUSPICIOUS_MOVE = YES;
				CLANG_WARN_UNGUARDED_AVAILABILITY = YES_AGGRESSIVE;
				CLANG_WARN_UNREACHABLE_CODE = YES;
				CLANG_WARN__DUPLICATE_METHOD_MATCH = YES;
				COPY_PHASE_STRIP = NO;
				DEBUG_INFORMATION_FORMAT = "dwarf-with-dsym";
				ENABLE_NS_ASSERTIONS = NO;
				ENABLE_STRICT_OBJC_MSGSEND = YES;
				ENABLE_USER_SCRIPT_SANDBOXING = YES;
				GCC_C_LANGUAGE_STANDARD = gnu17;
				GCC_NO_COMMON_BLOCKS = YES;
				GCC_WARN_64_TO_32_BIT_CONVERSION = YES;
				GCC_WARN_ABOUT_RETURN_TYPE = YES_ERROR;
				GCC_WARN_UNDECLARED_SELECTOR = YES;
				GCC_WARN_UNINITIALIZED_AUTOS = YES_AGGRESSIVE;
				GCC_WARN_UNUSED_FUNCTION = YES;
				GCC_WARN_UNUSED_VARIABLE = YES;
				IPHONEOS_DEPLOYMENT_TARGET = 17.5;
				LOCALIZATION_PREFERS_STRING_CATALOGS = YES;
				MTL_ENABLE_DEBUG_INFO = NO;
				MTL_FAST_MATH = YES;
				SDKROOT = iphoneos;
				SWIFT_COMPILATION_MODE = wholemodule;
				VALIDATE_PRODUCT = YES;
			};
			name = Release;
		};
		5BD4F4AC2CFCB91100EF27DA /* Debug */ = {
			isa = XCBuildConfiguration;
			buildSettings = {
				ASSETCATALOG_COMPILER_APPICON_NAME = AppIcon;
				ASSETCATALOG_COMPILER_GLOBAL_ACCENT_COLOR_NAME = AccentColor;
				CODE_SIGN_STYLE = Automatic;
				CURRENT_PROJECT_VERSION = 1;
				DEVELOPMENT_TEAM = M5D7V4YFL2;
				GENERATE_INFOPLIST_FILE = YES;
				INFOPLIST_FILE = VKTestTask/Info.plist;
				INFOPLIST_KEY_UIApplicationSupportsIndirectInputEvents = YES;
				INFOPLIST_KEY_UILaunchStoryboardName = LaunchScreen;
				INFOPLIST_KEY_UIMainStoryboardFile = Main;
				INFOPLIST_KEY_UISupportedInterfaceOrientations = "UIInterfaceOrientationPortrait UIInterfaceOrientationPortraitUpsideDown";
				INFOPLIST_KEY_UISupportedInterfaceOrientations_iPad = "UIInterfaceOrientationLandscapeLeft UIInterfaceOrientationLandscapeRight UIInterfaceOrientationPortrait UIInterfaceOrientationPortraitUpsideDown";
				IPHONEOS_DEPLOYMENT_TARGET = 15.0;
				LD_RUNPATH_SEARCH_PATHS = (
					"$(inherited)",
					"@executable_path/Frameworks",
				);
				MARKETING_VERSION = 1.0;
				PRODUCT_BUNDLE_IDENTIFIER = com.AlekseyKobyakov.VKTestTask;
				PRODUCT_NAME = "$(TARGET_NAME)";
				SUPPORTED_PLATFORMS = "iphoneos iphonesimulator";
				SUPPORTS_MACCATALYST = NO;
				SUPPORTS_MAC_DESIGNED_FOR_IPHONE_IPAD = NO;
				SUPPORTS_XR_DESIGNED_FOR_IPHONE_IPAD = NO;
				SWIFT_EMIT_LOC_STRINGS = YES;
				SWIFT_VERSION = 5.0;
				TARGETED_DEVICE_FAMILY = 1;
			};
			name = Debug;
		};
		5BD4F4AD2CFCB91100EF27DA /* Release */ = {
			isa = XCBuildConfiguration;
			buildSettings = {
				ASSETCATALOG_COMPILER_APPICON_NAME = AppIcon;
				ASSETCATALOG_COMPILER_GLOBAL_ACCENT_COLOR_NAME = AccentColor;
				CODE_SIGN_STYLE = Automatic;
				CURRENT_PROJECT_VERSION = 1;
				DEVELOPMENT_TEAM = M5D7V4YFL2;
				GENERATE_INFOPLIST_FILE = YES;
				INFOPLIST_FILE = VKTestTask/Info.plist;
				INFOPLIST_KEY_UIApplicationSupportsIndirectInputEvents = YES;
				INFOPLIST_KEY_UILaunchStoryboardName = LaunchScreen;
				INFOPLIST_KEY_UIMainStoryboardFile = Main;
				INFOPLIST_KEY_UISupportedInterfaceOrientations = "UIInterfaceOrientationPortrait UIInterfaceOrientationPortraitUpsideDown";
				INFOPLIST_KEY_UISupportedInterfaceOrientations_iPad = "UIInterfaceOrientationLandscapeLeft UIInterfaceOrientationLandscapeRight UIInterfaceOrientationPortrait UIInterfaceOrientationPortraitUpsideDown";
				IPHONEOS_DEPLOYMENT_TARGET = 15.0;
				LD_RUNPATH_SEARCH_PATHS = (
					"$(inherited)",
					"@executable_path/Frameworks",
				);
				MARKETING_VERSION = 1.0;
				PRODUCT_BUNDLE_IDENTIFIER = com.AlekseyKobyakov.VKTestTask;
				PRODUCT_NAME = "$(TARGET_NAME)";
				SUPPORTED_PLATFORMS = "iphoneos iphonesimulator";
				SUPPORTS_MACCATALYST = NO;
				SUPPORTS_MAC_DESIGNED_FOR_IPHONE_IPAD = NO;
				SUPPORTS_XR_DESIGNED_FOR_IPHONE_IPAD = NO;
				SWIFT_EMIT_LOC_STRINGS = YES;
				SWIFT_VERSION = 5.0;
				TARGETED_DEVICE_FAMILY = 1;
			};
			name = Release;
		};
/* End XCBuildConfiguration section */

/* Begin XCConfigurationList section */
		5BD4F4922CFCB90F00EF27DA /* Build configuration list for PBXProject "VKTestTask" */ = {
			isa = XCConfigurationList;
			buildConfigurations = (
				5BD4F4A92CFCB91100EF27DA /* Debug */,
				5BD4F4AA2CFCB91100EF27DA /* Release */,
			);
			defaultConfigurationIsVisible = 0;
			defaultConfigurationName = Release;
		};
		5BD4F4AB2CFCB91100EF27DA /* Build configuration list for PBXNativeTarget "VKTestTask" */ = {
			isa = XCConfigurationList;
			buildConfigurations = (
				5BD4F4AC2CFCB91100EF27DA /* Debug */,
				5BD4F4AD2CFCB91100EF27DA /* Release */,
			);
			defaultConfigurationIsVisible = 0;
			defaultConfigurationName = Release;
		};
/* End XCConfigurationList section */
	};
	rootObject = 5BD4F48F2CFCB90F00EF27DA /* Project object */;
}
